// !$*UTF8*$!
{
	archiveVersion = 1;
	classes = {
	};
	objectVersion = 55;
	objects = {

/* Begin PBXBuildFile section */
		3A2DA82528BF5F3D003FE59A /* AppDelegate.swift in Sources */ = {isa = PBXBuildFile; fileRef = 3A2DA82428BF5F3D003FE59A /* AppDelegate.swift */; };
		3A2DA82728BF5F3D003FE59A /* SceneDelegate.swift in Sources */ = {isa = PBXBuildFile; fileRef = 3A2DA82628BF5F3D003FE59A /* SceneDelegate.swift */; };
		3A2DA82928BF5F3D003FE59A /* MoviesViewController.swift in Sources */ = {isa = PBXBuildFile; fileRef = 3A2DA82828BF5F3D003FE59A /* MoviesViewController.swift */; };
		3A2DA82C28BF5F3D003FE59A /* MoviesViewController.storyboard in Resources */ = {isa = PBXBuildFile; fileRef = 3A2DA82A28BF5F3D003FE59A /* MoviesViewController.storyboard */; };
		3A2DA82E28BF5F40003FE59A /* Assets.xcassets in Resources */ = {isa = PBXBuildFile; fileRef = 3A2DA82D28BF5F40003FE59A /* Assets.xcassets */; };
		3A2DA83128BF5F40003FE59A /* LaunchScreen.storyboard in Resources */ = {isa = PBXBuildFile; fileRef = 3A2DA82F28BF5F40003FE59A /* LaunchScreen.storyboard */; };
		3A2DA84028BF6B83003FE59A /* MoviesTableViewCell.swift in Sources */ = {isa = PBXBuildFile; fileRef = 3A2DA83E28BF6B83003FE59A /* MoviesTableViewCell.swift */; };
		3A2DA84128BF6B83003FE59A /* MoviesTableViewCell.xib in Resources */ = {isa = PBXBuildFile; fileRef = 3A2DA83F28BF6B83003FE59A /* MoviesTableViewCell.xib */; };
		3AAD0BEC28C268BC001EB3C1 /* MovieModel.swift in Sources */ = {isa = PBXBuildFile; fileRef = 3AAD0BEB28C268BC001EB3C1 /* MovieModel.swift */; };
/* End PBXBuildFile section */

/* Begin PBXFileReference section */
		3A2DA82128BF5F3D003FE59A /* Test1.app */ = {isa = PBXFileReference; explicitFileType = wrapper.application; includeInIndex = 0; path = Test1.app; sourceTree = BUILT_PRODUCTS_DIR; };
		3A2DA82428BF5F3D003FE59A /* AppDelegate.swift */ = {isa = PBXFileReference; lastKnownFileType = sourcecode.swift; path = AppDelegate.swift; sourceTree = "<group>"; };
		3A2DA82628BF5F3D003FE59A /* SceneDelegate.swift */ = {isa = PBXFileReference; lastKnownFileType = sourcecode.swift; path = SceneDelegate.swift; sourceTree = "<group>"; };
		3A2DA82828BF5F3D003FE59A /* MoviesViewController.swift */ = {isa = PBXFileReference; lastKnownFileType = sourcecode.swift; path = MoviesViewController.swift; sourceTree = "<group>"; };
		3A2DA82B28BF5F3D003FE59A /* Base */ = {isa = PBXFileReference; lastKnownFileType = file.storyboard; name = Base; path = Base.lproj/MoviesViewController.storyboard; sourceTree = "<group>"; };
		3A2DA82D28BF5F40003FE59A /* Assets.xcassets */ = {isa = PBXFileReference; lastKnownFileType = folder.assetcatalog; path = Assets.xcassets; sourceTree = "<group>"; };
		3A2DA83028BF5F40003FE59A /* Base */ = {isa = PBXFileReference; lastKnownFileType = file.storyboard; name = Base; path = Base.lproj/LaunchScreen.storyboard; sourceTree = "<group>"; };
		3A2DA83228BF5F40003FE59A /* Info.plist */ = {isa = PBXFileReference; lastKnownFileType = text.plist.xml; path = Info.plist; sourceTree = "<group>"; };
		3A2DA83E28BF6B83003FE59A /* MoviesTableViewCell.swift */ = {isa = PBXFileReference; lastKnownFileType = sourcecode.swift; path = MoviesTableViewCell.swift; sourceTree = "<group>"; };
		3A2DA83F28BF6B83003FE59A /* MoviesTableViewCell.xib */ = {isa = PBXFileReference; lastKnownFileType = file.xib; path = MoviesTableViewCell.xib; sourceTree = "<group>"; };
		3AAD0BEB28C268BC001EB3C1 /* MovieModel.swift */ = {isa = PBXFileReference; lastKnownFileType = sourcecode.swift; path = MovieModel.swift; sourceTree = "<group>"; };
/* End PBXFileReference section */

/* Begin PBXFrameworksBuildPhase section */
		3A2DA81E28BF5F3D003FE59A /* Frameworks */ = {
			isa = PBXFrameworksBuildPhase;
			buildActionMask = 2147483647;
			files = (
			);
			runOnlyForDeploymentPostprocessing = 0;
		};
/* End PBXFrameworksBuildPhase section */

/* Begin PBXGroup section */
		3A2DA81828BF5F3D003FE59A = {
			isa = PBXGroup;
			children = (
				3A2DA82328BF5F3D003FE59A /* Test1 */,
				3A2DA82228BF5F3D003FE59A /* Products */,
			);
			sourceTree = "<group>";
		};
		3A2DA82228BF5F3D003FE59A /* Products */ = {
			isa = PBXGroup;
			children = (
				3A2DA82128BF5F3D003FE59A /* Test1.app */,
			);
			name = Products;
			sourceTree = "<group>";
		};
		3A2DA82328BF5F3D003FE59A /* Test1 */ = {
			isa = PBXGroup;
			children = (
				3AAD0BEA28C268A1001EB3C1 /* Model */,
				3A2DA83928BF5FEC003FE59A /* ViewController */,
				3A2DA83828BF5FE2003FE59A /* Support File */,
				3A2DA82F28BF5F40003FE59A /* LaunchScreen.storyboard */,
				3A2DA83228BF5F40003FE59A /* Info.plist */,
			);
			path = Test1;
			sourceTree = "<group>";
		};
		3A2DA83828BF5FE2003FE59A /* Support File */ = {
			isa = PBXGroup;
			children = (
				3A2DA82D28BF5F40003FE59A /* Assets.xcassets */,
				3A2DA82628BF5F3D003FE59A /* SceneDelegate.swift */,
				3A2DA82428BF5F3D003FE59A /* AppDelegate.swift */,
			);
			path = "Support File";
			sourceTree = "<group>";
		};
		3A2DA83928BF5FEC003FE59A /* ViewController */ = {
			isa = PBXGroup;
			children = (
				3A2DA82A28BF5F3D003FE59A /* MoviesViewController.storyboard */,
				3A2DA82828BF5F3D003FE59A /* MoviesViewController.swift */,
				3A2DA83D28BF688D003FE59A /* MoviesTableViewCell */,
			);
			path = ViewController;
			sourceTree = "<group>";
		};
		3A2DA83D28BF688D003FE59A /* MoviesTableViewCell */ = {
			isa = PBXGroup;
			children = (
				3A2DA83E28BF6B83003FE59A /* MoviesTableViewCell.swift */,
				3A2DA83F28BF6B83003FE59A /* MoviesTableViewCell.xib */,
			);
			path = MoviesTableViewCell;
			sourceTree = "<group>";
		};
		3AAD0BEA28C268A1001EB3C1 /* Model */ = {
			isa = PBXGroup;
			children = (
				3AAD0BEB28C268BC001EB3C1 /* MovieModel.swift */,
			);
			path = Model;
			sourceTree = "<group>";
		};
/* End PBXGroup section */

/* Begin PBXNativeTarget section */
		3A2DA82028BF5F3D003FE59A /* Test1 */ = {
			isa = PBXNativeTarget;
			buildConfigurationList = 3A2DA83528BF5F40003FE59A /* Build configuration list for PBXNativeTarget "Test1" */;
			buildPhases = (
				3A2DA81D28BF5F3D003FE59A /* Sources */,
				3A2DA81E28BF5F3D003FE59A /* Frameworks */,
				3A2DA81F28BF5F3D003FE59A /* Resources */,
			);
			buildRules = (
			);
			dependencies = (
			);
			name = Test1;
			productName = Test1;
			productReference = 3A2DA82128BF5F3D003FE59A /* Test1.app */;
			productType = "com.apple.product-type.application";
		};
/* End PBXNativeTarget section */

/* Begin PBXProject section */
		3A2DA81928BF5F3D003FE59A /* Project object */ = {
			isa = PBXProject;
			attributes = {
				BuildIndependentTargetsInParallel = 1;
				LastSwiftUpdateCheck = 1330;
				LastUpgradeCheck = 1330;
				TargetAttributes = {
					3A2DA82028BF5F3D003FE59A = {
						CreatedOnToolsVersion = 13.3.1;
					};
				};
			};
			buildConfigurationList = 3A2DA81C28BF5F3D003FE59A /* Build configuration list for PBXProject "Test1" */;
			compatibilityVersion = "Xcode 13.0";
			developmentRegion = en;
			hasScannedForEncodings = 0;
			knownRegions = (
				en,
				Base,
			);
			mainGroup = 3A2DA81828BF5F3D003FE59A;
			productRefGroup = 3A2DA82228BF5F3D003FE59A /* Products */;
			projectDirPath = "";
			projectRoot = "";
			targets = (
				3A2DA82028BF5F3D003FE59A /* Test1 */,
			);
		};
/* End PBXProject section */

/* Begin PBXResourcesBuildPhase section */
		3A2DA81F28BF5F3D003FE59A /* Resources */ = {
			isa = PBXResourcesBuildPhase;
			buildActionMask = 2147483647;
			files = (
				3A2DA83128BF5F40003FE59A /* LaunchScreen.storyboard in Resources */,
				3A2DA82E28BF5F40003FE59A /* Assets.xcassets in Resources */,
				3A2DA84128BF6B83003FE59A /* MoviesTableViewCell.xib in Resources */,
				3A2DA82C28BF5F3D003FE59A /* MoviesViewController.storyboard in Resources */,
			);
			runOnlyForDeploymentPostprocessing = 0;
		};
/* End PBXResourcesBuildPhase section */

/* Begin PBXSourcesBuildPhase section */
		3A2DA81D28BF5F3D003FE59A /* Sources */ = {
			isa = PBXSourcesBuildPhase;
			buildActionMask = 2147483647;
			files = (
				3A2DA82928BF5F3D003FE59A /* MoviesViewController.swift in Sources */,
				3A2DA84028BF6B83003FE59A /* MoviesTableViewCell.swift in Sources */,
				3AAD0BEC28C268BC001EB3C1 /* MovieModel.swift in Sources */,
				3A2DA82528BF5F3D003FE59A /* AppDelegate.swift in Sources */,
				3A2DA82728BF5F3D003FE59A /* SceneDelegate.swift in Sources */,
			);
			runOnlyForDeploymentPostprocessing = 0;
		};
/* End PBXSourcesBuildPhase section */

/* Begin PBXVariantGroup section */
		3A2DA82A28BF5F3D003FE59A /* MoviesViewController.storyboard */ = {
			isa = PBXVariantGroup;
			children = (
				3A2DA82B28BF5F3D003FE59A /* Base */,
			);
			name = MoviesViewController.storyboard;
			sourceTree = "<group>";
		};
		3A2DA82F28BF5F40003FE59A /* LaunchScreen.storyboard */ = {
			isa = PBXVariantGroup;
			children = (
				3A2DA83028BF5F40003FE59A /* Base */,
			);
			name = LaunchScreen.storyboard;
			sourceTree = "<group>";
		};
/* End PBXVariantGroup section */

/* Begin XCBuildConfiguration section */
		3A2DA83328BF5F40003FE59A /* Debug */ = {
			isa = XCBuildConfiguration;
			buildSettings = {
				ALWAYS_SEARCH_USER_PATHS = NO;
				CLANG_ANALYZER_NONNULL = YES;
				CLANG_ANALYZER_NUMBER_OBJECT_CONVERSION = YES_AGGRESSIVE;
				CLANG_CXX_LANGUAGE_STANDARD = "gnu++17";
				CLANG_ENABLE_MODULES = YES;
				CLANG_ENABLE_OBJC_ARC = YES;
				CLANG_ENABLE_OBJC_WEAK = YES;
				CLANG_WARN_BLOCK_CAPTURE_AUTORELEASING = YES;
				CLANG_WARN_BOOL_CONVERSION = YES;
				CLANG_WARN_COMMA = YES;
				CLANG_WARN_CONSTANT_CONVERSION = YES;
				CLANG_WARN_DEPRECATED_OBJC_IMPLEMENTATIONS = YES;
				CLANG_WARN_DIRECT_OBJC_ISA_USAGE = YES_ERROR;
				CLANG_WARN_DOCUMENTATION_COMMENTS = YES;
				CLANG_WARN_EMPTY_BODY = YES;
				CLANG_WARN_ENUM_CONVERSION = YES;
				CLANG_WARN_INFINITE_RECURSION = YES;
				CLANG_WARN_INT_CONVERSION = YES;
				CLANG_WARN_NON_LITERAL_NULL_CONVERSION = YES;
				CLANG_WARN_OBJC_IMPLICIT_RETAIN_SELF = YES;
				CLANG_WARN_OBJC_LITERAL_CONVERSION = YES;
				CLANG_WARN_OBJC_ROOT_CLASS = YES_ERROR;
				CLANG_WARN_QUOTED_INCLUDE_IN_FRAMEWORK_HEADER = YES;
				CLANG_WARN_RANGE_LOOP_ANALYSIS = YES;
				CLANG_WARN_STRICT_PROTOTYPES = YES;
				CLANG_WARN_SUSPICIOUS_MOVE = YES;
				CLANG_WARN_UNGUARDED_AVAILABILITY = YES_AGGRESSIVE;
				CLANG_WARN_UNREACHABLE_CODE = YES;
				CLANG_WARN__DUPLICATE_METHOD_MATCH = YES;
				COPY_PHASE_STRIP = NO;
				DEBUG_INFORMATION_FORMAT = dwarf;
				ENABLE_STRICT_OBJC_MSGSEND = YES;
				ENABLE_TESTABILITY = YES;
				GCC_C_LANGUAGE_STANDARD = gnu11;
				GCC_DYNAMIC_NO_PIC = NO;
				GCC_NO_COMMON_BLOCKS = YES;
				GCC_OPTIMIZATION_LEVEL = 0;
				GCC_PREPROCESSOR_DEFINITIONS = (
					"DEBUG=1",
					"$(inherited)",
				);
				GCC_WARN_64_TO_32_BIT_CONVERSION = YES;
				GCC_WARN_ABOUT_RETURN_TYPE = YES_ERROR;
				GCC_WARN_UNDECLARED_SELECTOR = YES;
				GCC_WARN_UNINITIALIZED_AUTOS = YES_AGGRESSIVE;
				GCC_WARN_UNUSED_FUNCTION = YES;
				GCC_WARN_UNUSED_VARIABLE = YES;
				IPHONEOS_DEPLOYMENT_TARGET = 15.4;
				MTL_ENABLE_DEBUG_INFO = INCLUDE_SOURCE;
				MTL_FAST_MATH = YES;
				ONLY_ACTIVE_ARCH = YES;
				SDKROOT = iphoneos;
				SWIFT_ACTIVE_COMPILATION_CONDITIONS = DEBUG;
				SWIFT_OPTIMIZATION_LEVEL = "-Onone";
			};
			name = Debug;
		};
		3A2DA83428BF5F40003FE59A /* Release */ = {
			isa = XCBuildConfiguration;
			buildSettings = {
				ALWAYS_SEARCH_USER_PATHS = NO;
				CLANG_ANALYZER_NONNULL = YES;
				CLANG_ANALYZER_NUMBER_OBJECT_CONVERSION = YES_AGGRESSIVE;
				CLANG_CXX_LANGUAGE_STANDARD = "gnu++17";
				CLANG_ENABLE_MODULES = YES;
				CLANG_ENABLE_OBJC_ARC = YES;
				CLANG_ENABLE_OBJC_WEAK = YES;
				CLANG_WARN_BLOCK_CAPTURE_AUTORELEASING = YES;
				CLANG_WARN_BOOL_CONVERSION = YES;
				CLANG_WARN_COMMA = YES;
				CLANG_WARN_CONSTANT_CONVERSION = YES;
				CLANG_WARN_DEPRECATED_OBJC_IMPLEMENTATIONS = YES;
				CLANG_WARN_DIRECT_OBJC_ISA_USAGE = YES_ERROR;
				CLANG_WARN_DOCUMENTATION_COMMENTS = YES;
				CLANG_WARN_EMPTY_BODY = YES;
				CLANG_WARN_ENUM_CONVERSION = YES;
				CLANG_WARN_INFINITE_RECURSION = YES;
				CLANG_WARN_INT_CONVERSION = YES;
				CLANG_WARN_NON_LITERAL_NULL_CONVERSION = YES;
				CLANG_WARN_OBJC_IMPLICIT_RETAIN_SELF = YES;
				CLANG_WARN_OBJC_LITERAL_CONVERSION = YES;
				CLANG_WARN_OBJC_ROOT_CLASS = YES_ERROR;
				CLANG_WARN_QUOTED_INCLUDE_IN_FRAMEWORK_HEADER = YES;
				CLANG_WARN_RANGE_LOOP_ANALYSIS = YES;
				CLANG_WARN_STRICT_PROTOTYPES = YES;
				CLANG_WARN_SUSPICIOUS_MOVE = YES;
				CLANG_WARN_UNGUARDED_AVAILABILITY = YES_AGGRESSIVE;
				CLANG_WARN_UNREACHABLE_CODE = YES;
				CLANG_WARN__DUPLICATE_METHOD_MATCH = YES;
				COPY_PHASE_STRIP = NO;
				DEBUG_INFORMATION_FORMAT = "dwarf-with-dsym";
				ENABLE_NS_ASSERTIONS = NO;
				ENABLE_STRICT_OBJC_MSGSEND = YES;
				GCC_C_LANGUAGE_STANDARD = gnu11;
				GCC_NO_COMMON_BLOCKS = YES;
				GCC_WARN_64_TO_32_BIT_CONVERSION = YES;
				GCC_WARN_ABOUT_RETURN_TYPE = YES_ERROR;
				GCC_WARN_UNDECLARED_SELECTOR = YES;
				GCC_WARN_UNINITIALIZED_AUTOS = YES_AGGRESSIVE;
				GCC_WARN_UNUSED_FUNCTION = YES;
				GCC_WARN_UNUSED_VARIABLE = YES;
				IPHONEOS_DEPLOYMENT_TARGET = 15.4;
				MTL_ENABLE_DEBUG_INFO = NO;
				MTL_FAST_MATH = YES;
				SDKROOT = iphoneos;
				SWIFT_COMPILATION_MODE = wholemodule;
				SWIFT_OPTIMIZATION_LEVEL = "-O";
				VALIDATE_PRODUCT = YES;
			};
			name = Release;
		};
		3A2DA83628BF5F40003FE59A /* Debug */ = {
			isa = XCBuildConfiguration;
			buildSettings = {
				ASSETCATALOG_COMPILER_APPICON_NAME = AppIcon;
				ASSETCATALOG_COMPILER_GLOBAL_ACCENT_COLOR_NAME = AccentColor;
				CODE_SIGN_STYLE = Automatic;
				CURRENT_PROJECT_VERSION = 1;
				GENERATE_INFOPLIST_FILE = YES;
				INFOPLIST_FILE = Test1/Info.plist;
				INFOPLIST_KEY_UIApplicationSupportsIndirectInputEvents = YES;
				INFOPLIST_KEY_UILaunchStoryboardName = LaunchScreen;
				INFOPLIST_KEY_UIMainStoryboardFile = MoviesViewController;
				INFOPLIST_KEY_UISupportedInterfaceOrientations_iPad = "UIInterfaceOrientationPortrait UIInterfaceOrientationPortraitUpsideDown UIInterfaceOrientationLandscapeLeft UIInterfaceOrientationLandscapeRight";
				INFOPLIST_KEY_UISupportedInterfaceOrientations_iPhone = "UIInterfaceOrientationPortrait UIInterfaceOrientationLandscapeLeft UIInterfaceOrientationLandscapeRight";
				LD_RUNPATH_SEARCH_PATHS = (
					"$(inherited)",
					"@executable_path/Frameworks",
				);
				MARKETING_VERSION = 1.0;
				PRODUCT_BUNDLE_IDENTIFIER = com.Nik.Test1;
				PRODUCT_NAME = "$(TARGET_NAME)";
				SWIFT_EMIT_LOC_STRINGS = YES;
				SWIFT_VERSION = 5.0;
				TARGETED_DEVICE_FAMILY = "1,2";
			};
			name = Debug;
		};
		3A2DA83728BF5F40003FE59A /* Release */ = {
			isa = XCBuildConfiguration;
			buildSettings = {
				ASSETCATALOG_COMPILER_APPICON_NAME = AppIcon;
				ASSETCATALOG_COMPILER_GLOBAL_ACCENT_COLOR_NAME = AccentColor;
				CODE_SIGN_STYLE = Automatic;
				CURRENT_PROJECT_VERSION = 1;
				GENERATE_INFOPLIST_FILE = YES;
				INFOPLIST_FILE = Test1/Info.plist;
				INFOPLIST_KEY_UIApplicationSupportsIndirectInputEvents = YES;
				INFOPLIST_KEY_UILaunchStoryboardName = LaunchScreen;
				INFOPLIST_KEY_UIMainStoryboardFile = MoviesViewController;
				INFOPLIST_KEY_UISupportedInterfaceOrientations_iPad = "UIInterfaceOrientationPortrait UIInterfaceOrientationPortraitUpsideDown UIInterfaceOrientationLandscapeLeft UIInterfaceOrientationLandscapeRight";
				INFOPLIST_KEY_UISupportedInterfaceOrientations_iPhone = "UIInterfaceOrientationPortrait UIInterfaceOrientationLandscapeLeft UIInterfaceOrientationLandscapeRight";
				LD_RUNPATH_SEARCH_PATHS = (
					"$(inherited)",
					"@executable_path/Frameworks",
				);
				MARKETING_VERSION = 1.0;
				PRODUCT_BUNDLE_IDENTIFIER = com.Nik.Test1;
				PRODUCT_NAME = "$(TARGET_NAME)";
				SWIFT_EMIT_LOC_STRINGS = YES;
				SWIFT_VERSION = 5.0;
				TARGETED_DEVICE_FAMILY = "1,2";
			};
			name = Release;
		};
/* End XCBuildConfiguration section */

/* Begin XCConfigurationList section */
		3A2DA81C28BF5F3D003FE59A /* Build configuration list for PBXProject "Test1" */ = {
			isa = XCConfigurationList;
			buildConfigurations = (
				3A2DA83328BF5F40003FE59A /* Debug */,
				3A2DA83428BF5F40003FE59A /* Release */,
			);
			defaultConfigurationIsVisible = 0;
			defaultConfigurationName = Release;
		};
		3A2DA83528BF5F40003FE59A /* Build configuration list for PBXNativeTarget "Test1" */ = {
			isa = XCConfigurationList;
			buildConfigurations = (
				3A2DA83628BF5F40003FE59A /* Debug */,
				3A2DA83728BF5F40003FE59A /* Release */,
			);
			defaultConfigurationIsVisible = 0;
			defaultConfigurationName = Release;
		};
/* End XCConfigurationList section */
	};
	rootObject = 3A2DA81928BF5F3D003FE59A /* Project object */;
}
